
Microsoft Visual Studio Solution File, Format Version 12.00
# Visual Studio Version 16
VisualStudioVersion = 16.0.32002.261
MinimumVisualStudioVersion = 10.0.40219.1
Project("{FAE04EC0-301F-11D3-BF4B-00C04F79EFBC}") = "LS_3_Conditionals", "LS_3_Conditionals.csproj", "{80C2F3E5-260B-48CE-9C80-517F3C38C472}"
EndProject
Global
	GlobalSection(SolutionConfigurationPlatforms) = preSolution
		Debug|Any CPU = Debug|Any CPU
		Release|Any CPU = Release|Any CPU
	EndGlobalSection
	GlobalSection(ProjectConfigurationPlatforms) = postSolution
		{80C2F3E5-260B-48CE-9C80-517F3C38C472}.Debug|Any CPU.ActiveCfg = Debug|Any CPU
		{80C2F3E5-260B-48CE-9C80-517F3C38C472}.Debug|Any CPU.Build.0 = Debug|Any CPU
		{80C2F3E5-260B-48CE-9C80-517F3C38C472}.Release|Any CPU.ActiveCfg = Release|Any CPU
		{80C2F3E5-260B-48CE-9C80-517F3C38C472}.Release|Any CPU.Build.0 = Release|Any CPU
	EndGlobalSection
	GlobalSection(SolutionProperties) = preSolution
		HideSolutionNode = FALSE
	EndGlobalSection
	GlobalSection(ExtensibilityGlobals) = postSolution
		SolutionGuid = {09B8FBC8-CBCE-49AE-ACBD-533A7821A8B4}
	EndGlobalSection
EndGlobal
